
Microsoft Visual Studio Solution File, Format Version 11.00
# Visual Studio 2010
Project("{2150E333-8FDC-42A3-9474-1A3956D46DE8}") = "Extensions", "Extensions", "{0F90343A-BD3F-48F1-AD2A-8B51402A597B}"
EndProject
Project("{2150E333-8FDC-42A3-9474-1A3956D46DE8}") = "Core", "Core", "{D25598B3-F79F-47D5-A92F-7B6BFB973113}"
EndProject
Project("{FAE04EC0-301F-11D3-BF4B-00C04F79EFBC}") = "CompositeDataServiceWizards", "Extensions\CompositeDataServiceWizards\CompositeDataServiceWizards.csproj", "{FEFA67E6-967B-4294-9BFE-149E0659653C}"
EndProject
Project("{FAE04EC0-301F-11D3-BF4B-00C04F79EFBC}") = "CompositeDataServiceClientProjectTemplate", "Extensions\CompositeDataServiceClientProjectTemplate\CompositeDataServiceClientProjectTemplate.csproj", "{E0E7CE97-D7A3-4BE6-9EA9-94452BA7E9C6}"
EndProject
Project("{FAE04EC0-301F-11D3-BF4B-00C04F79EFBC}") = "CompositeDataServiceClientItemTemplate", "Extensions\CompositeDataServiceClientItemTemplate\CompositeDataServiceClientItemTemplate.csproj", "{329F31A5-356E-46D5-B7D0-21845CBA0FA7}"
EndProject
Project("{FAE04EC0-301F-11D3-BF4B-00C04F79EFBC}") = "CompositeDataServiceItemTemplate", "Extensions\CompositeDataServiceItemTemplate\CompositeDataServiceItemTemplate.csproj", "{3900FCF3-B0CB-4C92-B60E-296F9779B4BB}"
EndProject
Project("{FAE04EC0-301F-11D3-BF4B-00C04F79EFBC}") = "CompositeDataServiceFrameworkExtensions", "Extensions\CompositeDataServiceFrameworkExtensions\CompositeDataServiceFrameworkExtensions.csproj", "{1BBC78AC-C2C9-4A79-A8D6-06F8E0AD0B99}"
EndProject
Project("{FAE04EC0-301F-11D3-BF4B-00C04F79EFBC}") = "CompositeDataServiceFramework.Server", "CompositeDataServiceFramework.Server\CompositeDataServiceFramework.Server.csproj", "{C64E684D-EC1D-4996-92F4-346AD5148314}"
EndProject
Project("{2150E333-8FDC-42A3-9474-1A3956D46DE8}") = "Tests", "Tests", "{2FA48B4E-30AD-4BB6-A801-D00DC22915EC}"
EndProject
Project("{FAE04EC0-301F-11D3-BF4B-00C04F79EFBC}") = "CompositeDataServiceFramework.Client", "CompositeDataServiceFramework.Client\CompositeDataServiceFramework.Client.csproj", "{7A6C2AD5-7DD3-4E2F-BC2A-EBDA5FFEB4E4}"
EndProject
Project("{FAE04EC0-301F-11D3-BF4B-00C04F79EFBC}") = "OrdersDataModel", "Samples\OrdersDataModel\OrdersDataModel.csproj", "{F9192BCD-2177-4AD3-AE58-CE52F202D45B}"
EndProject
Project("{FAE04EC0-301F-11D3-BF4B-00C04F79EFBC}") = "UsersDataModel", "Samples\UsersDataModel\UsersDataModel.csproj", "{3C6A68B4-0F76-4125-9F7A-F3B3F8FF13F0}"
EndProject
Project("{FAE04EC0-301F-11D3-BF4B-00C04F79EFBC}") = "CompositeDataServiceFramework.Client.Tests", "Tests\CompositeDataServiceFramework.Client.Tests\CompositeDataServiceFramework.Client.Tests.csproj", "{6F754B2F-4160-4D21-BBA9-E32980F98C58}"
EndProject
Project("{FAE04EC0-301F-11D3-BF4B-00C04F79EFBC}") = "CompositeDataServiceFramework.Server.Tests", "Tests\CompositeDataServiceFramework.Server.Tests\CompositeDataServiceFramework.Server.Tests.csproj", "{C93138FA-F3C3-4D7A-A9D2-A539C4F3B365}"
EndProject
Project("{2150E333-8FDC-42A3-9474-1A3956D46DE8}") = "Samples", "Samples", "{1F196723-6B3F-4293-992C-57F2C821B98C}"
EndProject
Project("{FAE04EC0-301F-11D3-BF4B-00C04F79EFBC}") = "CompositeDataServiceSample", "Samples\CompositeDataServiceSample\CompositeDataServiceSample.csproj", "{B8A4FB87-C9ED-43DB-8872-1B60C9BD584A}"
EndProject
Project("{FAE04EC0-301F-11D3-BF4B-00C04F79EFBC}") = "TestHarness", "TestHarness\TestHarness.csproj", "{95EBA389-22AF-4332-8FE6-CBA1A8F2F9A4}"
EndProject
Project("{2150E333-8FDC-42A3-9474-1A3956D46DE8}") = "Assets", "Assets", "{47EB72C1-DA27-4777-BF5D-CB155432938F}"
	ProjectSection(SolutionItems) = preProject
		Assets\CDSF Logo.psd = Assets\CDSF Logo.psd
		Assets\CDSF-CodePlex-Banner-Logo.png = Assets\CDSF-CodePlex-Banner-Logo.png
		Assets\CDSF-Logo.png = Assets\CDSF-Logo.png
		Assets\CompositeDataService.png = Assets\CompositeDataService.png
		Assets\CSDF Diagram.png = Assets\CSDF Diagram.png
		Assets\CSDF Diagram.vsd = Assets\CSDF Diagram.vsd
		CSDF1.htm = CSDF1.htm
	EndProjectSection
EndProject
Global
	GlobalSection(TeamFoundationVersionControl) = preSolution
		SccNumberOfProjects = 14
		SccEnterpriseProvider = {4CA58AB2-18FA-4F8D-95D4-32DDF27D184C}
		SccTeamFoundationServer = https://tfs.codeplex.com/tfs/tfs33
		SccLocalPath0 = .
		SccProjectUniqueName1 = Extensions\\CompositeDataServiceWizards\\CompositeDataServiceWizards.csproj
		SccProjectTopLevelParentUniqueName1 = CompositeDataServiceFramework.sln
		SccProjectName1 = Extensions/CompositeDataServiceWizards
		SccLocalPath1 = Extensions\\CompositeDataServiceWizards
		SccProjectUniqueName2 = Extensions\\CompositeDataServiceClientProjectTemplate\\CompositeDataServiceClientProjectTemplate.csproj
		SccProjectTopLevelParentUniqueName2 = CompositeDataServiceFramework.sln
		SccProjectName2 = Extensions/CompositeDataServiceClientProjectTemplate
		SccLocalPath2 = Extensions\\CompositeDataServiceClientProjectTemplate
		SccProjectUniqueName3 = Extensions\\CompositeDataServiceClientItemTemplate\\CompositeDataServiceClientItemTemplate.csproj
		SccProjectTopLevelParentUniqueName3 = CompositeDataServiceFramework.sln
		SccProjectName3 = Extensions/CompositeDataServiceClientItemTemplate
		SccLocalPath3 = Extensions\\CompositeDataServiceClientItemTemplate
		SccProjectUniqueName4 = Extensions\\CompositeDataServiceItemTemplate\\CompositeDataServiceItemTemplate.csproj
		SccProjectTopLevelParentUniqueName4 = CompositeDataServiceFramework.sln
		SccProjectName4 = Extensions/CompositeDataServiceItemTemplate
		SccLocalPath4 = Extensions\\CompositeDataServiceItemTemplate
		SccProjectUniqueName5 = Extensions\\CompositeDataServiceFrameworkExtensions\\CompositeDataServiceFrameworkExtensions.csproj
		SccProjectTopLevelParentUniqueName5 = CompositeDataServiceFramework.sln
		SccProjectName5 = Extensions/CompositeDataServiceFrameworkExtensions
		SccLocalPath5 = Extensions\\CompositeDataServiceFrameworkExtensions
		SccProjectUniqueName6 = CompositeDataServiceFramework.Server\\CompositeDataServiceFramework.Server.csproj
		SccProjectTopLevelParentUniqueName6 = CompositeDataServiceFramework.sln
		SccProjectName6 = CompositeDataServiceFramework.Server
		SccLocalPath6 = CompositeDataServiceFramework.Server
		SccProjectUniqueName7 = CompositeDataServiceFramework.Client\\CompositeDataServiceFramework.Client.csproj
		SccProjectTopLevelParentUniqueName7 = CompositeDataServiceFramework.sln
		SccProjectName7 = CompositeDataServiceFramework.Client
		SccLocalPath7 = CompositeDataServiceFramework.Client
		SccProjectUniqueName8 = Samples\\OrdersDataModel\\OrdersDataModel.csproj
		SccProjectTopLevelParentUniqueName8 = CompositeDataServiceFramework.sln
		SccProjectName8 = Samples/OrdersDataModel
		SccLocalPath8 = Samples\\OrdersDataModel
		SccProjectUniqueName9 = Samples\\UsersDataModel\\UsersDataModel.csproj
		SccProjectTopLevelParentUniqueName9 = CompositeDataServiceFramework.sln
		SccProjectName9 = Samples/UsersDataModel
		SccLocalPath9 = Samples\\UsersDataModel
		SccProjectUniqueName10 = Tests\\CompositeDataServiceFramework.Client.Tests\\CompositeDataServiceFramework.Client.Tests.csproj
		SccProjectTopLevelParentUniqueName10 = CompositeDataServiceFramework.sln
		SccProjectName10 = Tests/CompositeDataServiceFramework.Client.Tests
		SccLocalPath10 = Tests\\CompositeDataServiceFramework.Client.Tests
		SccProjectUniqueName11 = Tests\\CompositeDataServiceFramework.Server.Tests\\CompositeDataServiceFramework.Server.Tests.csproj
		SccProjectTopLevelParentUniqueName11 = CompositeDataServiceFramework.sln
		SccProjectName11 = Tests/CompositeDataServiceFramework.Server.Tests
		SccLocalPath11 = Tests\\CompositeDataServiceFramework.Server.Tests
		SccProjectUniqueName12 = Samples\\CompositeDataServiceSample\\CompositeDataServiceSample.csproj
		SccProjectTopLevelParentUniqueName12 = CompositeDataServiceFramework.sln
		SccProjectName12 = Samples/CompositeDataServiceSample
		SccLocalPath12 = Samples\\CompositeDataServiceSample
		SccProjectUniqueName13 = TestHarness\\TestHarness.csproj
		SccProjectTopLevelParentUniqueName13 = CompositeDataServiceFramework.sln
		SccProjectName13 = TestHarness
		SccLocalPath13 = TestHarness
	EndGlobalSection
	GlobalSection(SolutionConfigurationPlatforms) = preSolution
		Debug|Any CPU = Debug|Any CPU
		Debug|Mixed Platforms = Debug|Mixed Platforms
		Debug|x86 = Debug|x86
		Release|Any CPU = Release|Any CPU
		Release|Mixed Platforms = Release|Mixed Platforms
		Release|x86 = Release|x86
	EndGlobalSection
	GlobalSection(ProjectConfigurationPlatforms) = postSolution
		{FEFA67E6-967B-4294-9BFE-149E0659653C}.Debug|Any CPU.ActiveCfg = Debug|Any CPU
		{FEFA67E6-967B-4294-9BFE-149E0659653C}.Debug|Any CPU.Build.0 = Debug|Any CPU
		{FEFA67E6-967B-4294-9BFE-149E0659653C}.Debug|Mixed Platforms.ActiveCfg = Debug|Any CPU
		{FEFA67E6-967B-4294-9BFE-149E0659653C}.Debug|Mixed Platforms.Build.0 = Debug|Any CPU
		{FEFA67E6-967B-4294-9BFE-149E0659653C}.Debug|x86.ActiveCfg = Debug|Any CPU
		{FEFA67E6-967B-4294-9BFE-149E0659653C}.Release|Any CPU.ActiveCfg = Release|Any CPU
		{FEFA67E6-967B-4294-9BFE-149E0659653C}.Release|Any CPU.Build.0 = Release|Any CPU
		{FEFA67E6-967B-4294-9BFE-149E0659653C}.Release|Mixed Platforms.ActiveCfg = Release|Any CPU
		{FEFA67E6-967B-4294-9BFE-149E0659653C}.Release|Mixed Platforms.Build.0 = Release|Any CPU
		{FEFA67E6-967B-4294-9BFE-149E0659653C}.Release|x86.ActiveCfg = Release|Any CPU
		{E0E7CE97-D7A3-4BE6-9EA9-94452BA7E9C6}.Debug|Any CPU.ActiveCfg = Debug|Any CPU
		{E0E7CE97-D7A3-4BE6-9EA9-94452BA7E9C6}.Debug|Any CPU.Build.0 = Debug|Any CPU
		{E0E7CE97-D7A3-4BE6-9EA9-94452BA7E9C6}.Debug|Mixed Platforms.ActiveCfg = Debug|Any CPU
		{E0E7CE97-D7A3-4BE6-9EA9-94452BA7E9C6}.Debug|Mixed Platforms.Build.0 = Debug|Any CPU
		{E0E7CE97-D7A3-4BE6-9EA9-94452BA7E9C6}.Debug|x86.ActiveCfg = Debug|Any CPU
		{E0E7CE97-D7A3-4BE6-9EA9-94452BA7E9C6}.Release|Any CPU.ActiveCfg = Release|Any CPU
		{E0E7CE97-D7A3-4BE6-9EA9-94452BA7E9C6}.Release|Any CPU.Build.0 = Release|Any CPU
		{E0E7CE97-D7A3-4BE6-9EA9-94452BA7E9C6}.Release|Mixed Platforms.ActiveCfg = Release|Any CPU
		{E0E7CE97-D7A3-4BE6-9EA9-94452BA7E9C6}.Release|Mixed Platforms.Build.0 = Release|Any CPU
		{E0E7CE97-D7A3-4BE6-9EA9-94452BA7E9C6}.Release|x86.ActiveCfg = Release|Any CPU
		{329F31A5-356E-46D5-B7D0-21845CBA0FA7}.Debug|Any CPU.ActiveCfg = Debug|Any CPU
		{329F31A5-356E-46D5-B7D0-21845CBA0FA7}.Debug|Any CPU.Build.0 = Debug|Any CPU
		{329F31A5-356E-46D5-B7D0-21845CBA0FA7}.Debug|Mixed Platforms.ActiveCfg = Debug|Any CPU
		{329F31A5-356E-46D5-B7D0-21845CBA0FA7}.Debug|Mixed Platforms.Build.0 = Debug|Any CPU
		{329F31A5-356E-46D5-B7D0-21845CBA0FA7}.Debug|x86.ActiveCfg = Debug|Any CPU
		{329F31A5-356E-46D5-B7D0-21845CBA0FA7}.Release|Any CPU.ActiveCfg = Release|Any CPU
		{329F31A5-356E-46D5-B7D0-21845CBA0FA7}.Release|Any CPU.Build.0 = Release|Any CPU
		{329F31A5-356E-46D5-B7D0-21845CBA0FA7}.Release|Mixed Platforms.ActiveCfg = Release|Any CPU
		{329F31A5-356E-46D5-B7D0-21845CBA0FA7}.Release|Mixed Platforms.Build.0 = Release|Any CPU
		{329F31A5-356E-46D5-B7D0-21845CBA0FA7}.Release|x86.ActiveCfg = Release|Any CPU
		{3900FCF3-B0CB-4C92-B60E-296F9779B4BB}.Debug|Any CPU.ActiveCfg = Debug|Any CPU
		{3900FCF3-B0CB-4C92-B60E-296F9779B4BB}.Debug|Any CPU.Build.0 = Debug|Any CPU
		{3900FCF3-B0CB-4C92-B60E-296F9779B4BB}.Debug|Mixed Platforms.ActiveCfg = Debug|Any CPU
		{3900FCF3-B0CB-4C92-B60E-296F9779B4BB}.Debug|Mixed Platforms.Build.0 = Debug|Any CPU
		{3900FCF3-B0CB-4C92-B60E-296F9779B4BB}.Debug|x86.ActiveCfg = Debug|Any CPU
		{3900FCF3-B0CB-4C92-B60E-296F9779B4BB}.Release|Any CPU.ActiveCfg = Release|Any CPU
		{3900FCF3-B0CB-4C92-B60E-296F9779B4BB}.Release|Any CPU.Build.0 = Release|Any CPU
		{3900FCF3-B0CB-4C92-B60E-296F9779B4BB}.Release|Mixed Platforms.ActiveCfg = Release|Any CPU
		{3900FCF3-B0CB-4C92-B60E-296F9779B4BB}.Release|Mixed Platforms.Build.0 = Release|Any CPU
		{3900FCF3-B0CB-4C92-B60E-296F9779B4BB}.Release|x86.ActiveCfg = Release|Any CPU
		{1BBC78AC-C2C9-4A79-A8D6-06F8E0AD0B99}.Debug|Any CPU.ActiveCfg = Debug|Any CPU
		{1BBC78AC-C2C9-4A79-A8D6-06F8E0AD0B99}.Debug|Any CPU.Build.0 = Debug|Any CPU
		{1BBC78AC-C2C9-4A79-A8D6-06F8E0AD0B99}.Debug|Mixed Platforms.ActiveCfg = Debug|Any CPU
		{1BBC78AC-C2C9-4A79-A8D6-06F8E0AD0B99}.Debug|Mixed Platforms.Build.0 = Debug|Any CPU
		{1BBC78AC-C2C9-4A79-A8D6-06F8E0AD0B99}.Debug|x86.ActiveCfg = Debug|Any CPU
		{1BBC78AC-C2C9-4A79-A8D6-06F8E0AD0B99}.Release|Any CPU.ActiveCfg = Release|Any CPU
		{1BBC78AC-C2C9-4A79-A8D6-06F8E0AD0B99}.Release|Any CPU.Build.0 = Release|Any CPU
		{1BBC78AC-C2C9-4A79-A8D6-06F8E0AD0B99}.Release|Mixed Platforms.ActiveCfg = Release|Any CPU
		{1BBC78AC-C2C9-4A79-A8D6-06F8E0AD0B99}.Release|Mixed Platforms.Build.0 = Release|Any CPU
		{1BBC78AC-C2C9-4A79-A8D6-06F8E0AD0B99}.Release|x86.ActiveCfg = Release|Any CPU
		{C64E684D-EC1D-4996-92F4-346AD5148314}.Debug|Any CPU.ActiveCfg = Debug|Any CPU
		{C64E684D-EC1D-4996-92F4-346AD5148314}.Debug|Any CPU.Build.0 = Debug|Any CPU
		{C64E684D-EC1D-4996-92F4-346AD5148314}.Debug|Mixed Platforms.ActiveCfg = Debug|Any CPU
		{C64E684D-EC1D-4996-92F4-346AD5148314}.Debug|Mixed Platforms.Build.0 = Debug|Any CPU
		{C64E684D-EC1D-4996-92F4-346AD5148314}.Debug|x86.ActiveCfg = Debug|Any CPU
		{C64E684D-EC1D-4996-92F4-346AD5148314}.Release|Any CPU.ActiveCfg = Release|Any CPU
		{C64E684D-EC1D-4996-92F4-346AD5148314}.Release|Any CPU.Build.0 = Release|Any CPU
		{C64E684D-EC1D-4996-92F4-346AD5148314}.Release|Mixed Platforms.ActiveCfg = Release|Any CPU
		{C64E684D-EC1D-4996-92F4-346AD5148314}.Release|Mixed Platforms.Build.0 = Release|Any CPU
		{C64E684D-EC1D-4996-92F4-346AD5148314}.Release|x86.ActiveCfg = Release|Any CPU
		{7A6C2AD5-7DD3-4E2F-BC2A-EBDA5FFEB4E4}.Debug|Any CPU.ActiveCfg = Debug|Any CPU
		{7A6C2AD5-7DD3-4E2F-BC2A-EBDA5FFEB4E4}.Debug|Any CPU.Build.0 = Debug|Any CPU
		{7A6C2AD5-7DD3-4E2F-BC2A-EBDA5FFEB4E4}.Debug|Mixed Platforms.ActiveCfg = Debug|Any CPU
		{7A6C2AD5-7DD3-4E2F-BC2A-EBDA5FFEB4E4}.Debug|Mixed Platforms.Build.0 = Debug|Any CPU
		{7A6C2AD5-7DD3-4E2F-BC2A-EBDA5FFEB4E4}.Debug|x86.ActiveCfg = Debug|Any CPU
		{7A6C2AD5-7DD3-4E2F-BC2A-EBDA5FFEB4E4}.Release|Any CPU.ActiveCfg = Release|Any CPU
		{7A6C2AD5-7DD3-4E2F-BC2A-EBDA5FFEB4E4}.Release|Any CPU.Build.0 = Release|Any CPU
		{7A6C2AD5-7DD3-4E2F-BC2A-EBDA5FFEB4E4}.Release|Mixed Platforms.ActiveCfg = Release|Any CPU
		{7A6C2AD5-7DD3-4E2F-BC2A-EBDA5FFEB4E4}.Release|Mixed Platforms.Build.0 = Release|Any CPU
		{7A6C2AD5-7DD3-4E2F-BC2A-EBDA5FFEB4E4}.Release|x86.ActiveCfg = Release|Any CPU
		{F9192BCD-2177-4AD3-AE58-CE52F202D45B}.Debug|Any CPU.ActiveCfg = Debug|Any CPU
		{F9192BCD-2177-4AD3-AE58-CE52F202D45B}.Debug|Any CPU.Build.0 = Debug|Any CPU
		{F9192BCD-2177-4AD3-AE58-CE52F202D45B}.Debug|Mixed Platforms.ActiveCfg = Debug|Any CPU
		{F9192BCD-2177-4AD3-AE58-CE52F202D45B}.Debug|Mixed Platforms.Build.0 = Debug|Any CPU
		{F9192BCD-2177-4AD3-AE58-CE52F202D45B}.Debug|x86.ActiveCfg = Debug|Any CPU
		{F9192BCD-2177-4AD3-AE58-CE52F202D45B}.Release|Any CPU.ActiveCfg = Release|Any CPU
		{F9192BCD-2177-4AD3-AE58-CE52F202D45B}.Release|Any CPU.Build.0 = Release|Any CPU
		{F9192BCD-2177-4AD3-AE58-CE52F202D45B}.Release|Mixed Platforms.ActiveCfg = Release|Any CPU
		{F9192BCD-2177-4AD3-AE58-CE52F202D45B}.Release|Mixed Platforms.Build.0 = Release|Any CPU
		{F9192BCD-2177-4AD3-AE58-CE52F202D45B}.Release|x86.ActiveCfg = Release|Any CPU
		{3C6A68B4-0F76-4125-9F7A-F3B3F8FF13F0}.Debug|Any CPU.ActiveCfg = Debug|Any CPU
		{3C6A68B4-0F76-4125-9F7A-F3B3F8FF13F0}.Debug|Any CPU.Build.0 = Debug|Any CPU
		{3C6A68B4-0F76-4125-9F7A-F3B3F8FF13F0}.Debug|Mixed Platforms.ActiveCfg = Debug|Any CPU
		{3C6A68B4-0F76-4125-9F7A-F3B3F8FF13F0}.Debug|Mixed Platforms.Build.0 = Debug|Any CPU
		{3C6A68B4-0F76-4125-9F7A-F3B3F8FF13F0}.Debug|x86.ActiveCfg = Debug|Any CPU
		{3C6A68B4-0F76-4125-9F7A-F3B3F8FF13F0}.Release|Any CPU.ActiveCfg = Release|Any CPU
		{3C6A68B4-0F76-4125-9F7A-F3B3F8FF13F0}.Release|Any CPU.Build.0 = Release|Any CPU
		{3C6A68B4-0F76-4125-9F7A-F3B3F8FF13F0}.Release|Mixed Platforms.ActiveCfg = Release|Any CPU
		{3C6A68B4-0F76-4125-9F7A-F3B3F8FF13F0}.Release|Mixed Platforms.Build.0 = Release|Any CPU
		{3C6A68B4-0F76-4125-9F7A-F3B3F8FF13F0}.Release|x86.ActiveCfg = Release|Any CPU
		{6F754B2F-4160-4D21-BBA9-E32980F98C58}.Debug|Any CPU.ActiveCfg = Debug|Any CPU
		{6F754B2F-4160-4D21-BBA9-E32980F98C58}.Debug|Any CPU.Build.0 = Debug|Any CPU
		{6F754B2F-4160-4D21-BBA9-E32980F98C58}.Debug|Mixed Platforms.ActiveCfg = Debug|Any CPU
		{6F754B2F-4160-4D21-BBA9-E32980F98C58}.Debug|Mixed Platforms.Build.0 = Debug|Any CPU
		{6F754B2F-4160-4D21-BBA9-E32980F98C58}.Debug|x86.ActiveCfg = Debug|Any CPU
		{6F754B2F-4160-4D21-BBA9-E32980F98C58}.Release|Any CPU.ActiveCfg = Release|Any CPU
		{6F754B2F-4160-4D21-BBA9-E32980F98C58}.Release|Any CPU.Build.0 = Release|Any CPU
		{6F754B2F-4160-4D21-BBA9-E32980F98C58}.Release|Mixed Platforms.ActiveCfg = Release|Any CPU
		{6F754B2F-4160-4D21-BBA9-E32980F98C58}.Release|Mixed Platforms.Build.0 = Release|Any CPU
		{6F754B2F-4160-4D21-BBA9-E32980F98C58}.Release|x86.ActiveCfg = Release|Any CPU
		{C93138FA-F3C3-4D7A-A9D2-A539C4F3B365}.Debug|Any CPU.ActiveCfg = Debug|Any CPU
		{C93138FA-F3C3-4D7A-A9D2-A539C4F3B365}.Debug|Any CPU.Build.0 = Debug|Any CPU
		{C93138FA-F3C3-4D7A-A9D2-A539C4F3B365}.Debug|Mixed Platforms.ActiveCfg = Debug|Any CPU
		{C93138FA-F3C3-4D7A-A9D2-A539C4F3B365}.Debug|Mixed Platforms.Build.0 = Debug|Any CPU
		{C93138FA-F3C3-4D7A-A9D2-A539C4F3B365}.Debug|x86.ActiveCfg = Debug|Any CPU
		{C93138FA-F3C3-4D7A-A9D2-A539C4F3B365}.Release|Any CPU.ActiveCfg = Release|Any CPU
		{C93138FA-F3C3-4D7A-A9D2-A539C4F3B365}.Release|Any CPU.Build.0 = Release|Any CPU
		{C93138FA-F3C3-4D7A-A9D2-A539C4F3B365}.Release|Mixed Platforms.ActiveCfg = Release|Any CPU
		{C93138FA-F3C3-4D7A-A9D2-A539C4F3B365}.Release|Mixed Platforms.Build.0 = Release|Any CPU
		{C93138FA-F3C3-4D7A-A9D2-A539C4F3B365}.Release|x86.ActiveCfg = Release|Any CPU
		{B8A4FB87-C9ED-43DB-8872-1B60C9BD584A}.Debug|Any CPU.ActiveCfg = Debug|Any CPU
		{B8A4FB87-C9ED-43DB-8872-1B60C9BD584A}.Debug|Any CPU.Build.0 = Debug|Any CPU
		{B8A4FB87-C9ED-43DB-8872-1B60C9BD584A}.Debug|Mixed Platforms.ActiveCfg = Debug|Any CPU
		{B8A4FB87-C9ED-43DB-8872-1B60C9BD584A}.Debug|Mixed Platforms.Build.0 = Debug|Any CPU
		{B8A4FB87-C9ED-43DB-8872-1B60C9BD584A}.Debug|x86.ActiveCfg = Debug|Any CPU
		{B8A4FB87-C9ED-43DB-8872-1B60C9BD584A}.Release|Any CPU.ActiveCfg = Release|Any CPU
		{B8A4FB87-C9ED-43DB-8872-1B60C9BD584A}.Release|Any CPU.Build.0 = Release|Any CPU
		{B8A4FB87-C9ED-43DB-8872-1B60C9BD584A}.Release|Mixed Platforms.ActiveCfg = Release|Any CPU
		{B8A4FB87-C9ED-43DB-8872-1B60C9BD584A}.Release|Mixed Platforms.Build.0 = Release|Any CPU
		{B8A4FB87-C9ED-43DB-8872-1B60C9BD584A}.Release|x86.ActiveCfg = Release|Any CPU
		{95EBA389-22AF-4332-8FE6-CBA1A8F2F9A4}.Debug|Any CPU.ActiveCfg = Debug|x86
		{95EBA389-22AF-4332-8FE6-CBA1A8F2F9A4}.Debug|Mixed Platforms.ActiveCfg = Debug|x86
		{95EBA389-22AF-4332-8FE6-CBA1A8F2F9A4}.Debug|Mixed Platforms.Build.0 = Debug|x86
		{95EBA389-22AF-4332-8FE6-CBA1A8F2F9A4}.Debug|x86.ActiveCfg = Debug|x86
		{95EBA389-22AF-4332-8FE6-CBA1A8F2F9A4}.Debug|x86.Build.0 = Debug|x86
		{95EBA389-22AF-4332-8FE6-CBA1A8F2F9A4}.Release|Any CPU.ActiveCfg = Release|x86
		{95EBA389-22AF-4332-8FE6-CBA1A8F2F9A4}.Release|Mixed Platforms.ActiveCfg = Release|x86
		{95EBA389-22AF-4332-8FE6-CBA1A8F2F9A4}.Release|Mixed Platforms.Build.0 = Release|x86
		{95EBA389-22AF-4332-8FE6-CBA1A8F2F9A4}.Release|x86.ActiveCfg = Release|x86
		{95EBA389-22AF-4332-8FE6-CBA1A8F2F9A4}.Release|x86.Build.0 = Release|x86
	EndGlobalSection
	GlobalSection(SolutionProperties) = preSolution
		HideSolutionNode = FALSE
	EndGlobalSection
	GlobalSection(NestedProjects) = preSolution
		{FEFA67E6-967B-4294-9BFE-149E0659653C} = {0F90343A-BD3F-48F1-AD2A-8B51402A597B}
		{E0E7CE97-D7A3-4BE6-9EA9-94452BA7E9C6} = {0F90343A-BD3F-48F1-AD2A-8B51402A597B}
		{329F31A5-356E-46D5-B7D0-21845CBA0FA7} = {0F90343A-BD3F-48F1-AD2A-8B51402A597B}
		{3900FCF3-B0CB-4C92-B60E-296F9779B4BB} = {0F90343A-BD3F-48F1-AD2A-8B51402A597B}
		{1BBC78AC-C2C9-4A79-A8D6-06F8E0AD0B99} = {0F90343A-BD3F-48F1-AD2A-8B51402A597B}
		{C64E684D-EC1D-4996-92F4-346AD5148314} = {D25598B3-F79F-47D5-A92F-7B6BFB973113}
		{7A6C2AD5-7DD3-4E2F-BC2A-EBDA5FFEB4E4} = {D25598B3-F79F-47D5-A92F-7B6BFB973113}
		{6F754B2F-4160-4D21-BBA9-E32980F98C58} = {2FA48B4E-30AD-4BB6-A801-D00DC22915EC}
		{C93138FA-F3C3-4D7A-A9D2-A539C4F3B365} = {2FA48B4E-30AD-4BB6-A801-D00DC22915EC}
		{3C6A68B4-0F76-4125-9F7A-F3B3F8FF13F0} = {1F196723-6B3F-4293-992C-57F2C821B98C}
		{F9192BCD-2177-4AD3-AE58-CE52F202D45B} = {1F196723-6B3F-4293-992C-57F2C821B98C}
		{B8A4FB87-C9ED-43DB-8872-1B60C9BD584A} = {1F196723-6B3F-4293-992C-57F2C821B98C}
		{95EBA389-22AF-4332-8FE6-CBA1A8F2F9A4} = {1F196723-6B3F-4293-992C-57F2C821B98C}
	EndGlobalSection
EndGlobal
