
Microsoft Visual Studio Solution File, Format Version 11.00
# Visual Studio 2010
Project("{FAE04EC0-301F-11D3-BF4B-00C04F79EFBC}") = "UsersDataModel", "UsersDataModel\UsersDataModel.csproj", "{3C6A68B4-0F76-4125-9F7A-F3B3F8FF13F0}"
EndProject
Project("{2150E333-8FDC-42A3-9474-1A3956D46DE8}") = "2. Example Data Layer", "2. Example Data Layer", "{F9E96616-D988-4368-BCE8-34CB3C4BDAD8}"
EndProject
Project("{FAE04EC0-301F-11D3-BF4B-00C04F79EFBC}") = "OrdersDataModel", "OrdersDataModel\OrdersDataModel.csproj", "{F9192BCD-2177-4AD3-AE58-CE52F202D45B}"
EndProject
Project("{2150E333-8FDC-42A3-9474-1A3956D46DE8}") = "3. Example Client Layer", "3. Example Client Layer", "{EC15EF1A-0340-4234-A66E-6705A8276745}"
EndProject
Project("{FAE04EC0-301F-11D3-BF4B-00C04F79EFBC}") = "CommandLineClient", "CommandLineClient\CommandLineClient.csproj", "{2E51F79E-3C82-4CC4-ADA5-C824C063A6ED}"
EndProject
Project("{2150E333-8FDC-42A3-9474-1A3956D46DE8}") = "1. Composite Data Service Framework", "1. Composite Data Service Framework", "{81501C90-F384-4D1C-B953-7F32F563D698}"
EndProject
Project("{2150E333-8FDC-42A3-9474-1A3956D46DE8}") = "Solution Items", "Solution Items", "{EFE3B6A3-08B8-4142-B5F1-969278A05655}"
	ProjectSection(SolutionItems) = preProject
		CompositeDataFramework.vsmdi = CompositeDataFramework.vsmdi
		Local.testsettings = Local.testsettings
		TraceAndTestImpact.testsettings = TraceAndTestImpact.testsettings
	EndProjectSection
EndProject
Project("{2150E333-8FDC-42A3-9474-1A3956D46DE8}") = "4. Example Tests", "4. Example Tests", "{85F8B207-AFC8-4404-AEAB-0CB553C6E4C8}"
EndProject
Project("{FAE04EC0-301F-11D3-BF4B-00C04F79EFBC}") = "CompositeDataServiceFramework.Server", "..\CompositeDataServiceFramework.Server\CompositeDataServiceFramework.Server.csproj", "{C64E684D-EC1D-4996-92F4-346AD5148314}"
EndProject
Project("{FAE04EC0-301F-11D3-BF4B-00C04F79EFBC}") = "Test1", "Test1\Test1.csproj", "{EBC8F959-6552-4DE2-8D5D-4210B4FADE2B}"
EndProject
Project("{FAE04EC0-301F-11D3-BF4B-00C04F79EFBC}") = "CompositeDataServiceFramework.Server.Tests", "CompositeDataServiceFramework.Server.Tests\CompositeDataServiceFramework.Server.Tests.csproj", "{C93138FA-F3C3-4D7A-A9D2-A539C4F3B365}"
EndProject
Project("{FAE04EC0-301F-11D3-BF4B-00C04F79EFBC}") = "CompositeDataServiceFramework.Client.Tests", "..\Tests\CompositeDataServiceFramework.Client.Tests\CompositeDataServiceFramework.Client.Tests.csproj", "{6F754B2F-4160-4D21-BBA9-E32980F98C58}"
EndProject
Project("{2150E333-8FDC-42A3-9474-1A3956D46DE8}") = "Extensions", "Extensions", "{33F901DD-35E3-42B1-B8F1-56952C1A6AAB}"
EndProject
Project("{FAE04EC0-301F-11D3-BF4B-00C04F79EFBC}") = "CompositeDataServiceItemTemplate", "..\Extensions\CompositeDataServiceTemplate\CompositeDataServiceItemTemplate.csproj", "{3900FCF3-B0CB-4C92-B60E-296F9779B4BB}"
EndProject
Project("{FAE04EC0-301F-11D3-BF4B-00C04F79EFBC}") = "CompositeDataServiceFramework", "..\Extensions\CompositeDataServiceFramework\CompositeDataServiceFramework.csproj", "{1BBC78AC-C2C9-4A79-A8D6-06F8E0AD0B99}"
EndProject
Project("{FAE04EC0-301F-11D3-BF4B-00C04F79EFBC}") = "CompositeDataServiceClientItemTemplate", "..\Extensions\CompositeDataServiceClientItemTemplate\CompositeDataServiceClientItemTemplate.csproj", "{329F31A5-356E-46D5-B7D0-21845CBA0FA7}"
EndProject
Project("{FAE04EC0-301F-11D3-BF4B-00C04F79EFBC}") = "CompositeDataServiceWizards", "..\Extensions\CompositeDataServiceWizards\CompositeDataServiceWizards.csproj", "{FEFA67E6-967B-4294-9BFE-149E0659653C}"
EndProject
Project("{FAE04EC0-301F-11D3-BF4B-00C04F79EFBC}") = "CompositeDataServiceClientProjectTemplate", "..\Extensions\CompositeDataServiceClientProjectTemplate\CompositeDataServiceClientProjectTemplate.csproj", "{E0E7CE97-D7A3-4BE6-9EA9-94452BA7E9C6}"
EndProject
Global
	GlobalSection(TeamFoundationVersionControl) = preSolution
		SccNumberOfProjects = 13
		SccEnterpriseProvider = {4CA58AB2-18FA-4F8D-95D4-32DDF27D184C}
		SccTeamFoundationServer = https://tfs.codeplex.com/tfs/tfs33
		SccLocalPath0 = .
		SccProjectUniqueName1 = UsersDataModel\\UsersDataModel.csproj
		SccProjectTopLevelParentUniqueName1 = CompositeDataFramework.sln
		SccProjectName1 = UsersDataModel
		SccLocalPath1 = UsersDataModel
		SccProjectUniqueName2 = OrdersDataModel\\OrdersDataModel.csproj
		SccProjectTopLevelParentUniqueName2 = CompositeDataFramework.sln
		SccProjectName2 = OrdersDataModel
		SccLocalPath2 = OrdersDataModel
		SccProjectUniqueName3 = CommandLineClient\\CommandLineClient.csproj
		SccProjectTopLevelParentUniqueName3 = CompositeDataFramework.sln
		SccProjectName3 = CommandLineClient
		SccLocalPath3 = CommandLineClient
		SccProjectUniqueName4 = ..\\CompositeDataServiceFramework.Server\\CompositeDataServiceFramework.Server.csproj
		SccProjectTopLevelParentUniqueName4 = CompositeDataFramework.sln
		SccProjectName4 = ../CompositeDataServiceFramework.Server
		SccLocalPath4 = ..\\CompositeDataServiceFramework.Server
		SccProjectUniqueName5 = Test1\\Test1.csproj
		SccProjectTopLevelParentUniqueName5 = CompositeDataFramework.sln
		SccProjectName5 = Test1
		SccLocalPath5 = Test1
		SccProjectUniqueName6 = CompositeDataServiceFramework.Server.Tests\\CompositeDataServiceFramework.Server.Tests.csproj
		SccProjectTopLevelParentUniqueName6 = CompositeDataFramework.sln
		SccProjectName6 = CompositeDataServiceFramework.Server.Tests
		SccLocalPath6 = CompositeDataServiceFramework.Server.Tests
		SccProjectUniqueName7 = ..\\Tests\\CompositeDataServiceFramework.Client.Tests\\CompositeDataServiceFramework.Client.Tests.csproj
		SccProjectTopLevelParentUniqueName7 = CompositeDataFramework.sln
		SccProjectName7 = ../Tests/CompositeDataServiceFramework.Client.Tests
		SccLocalPath7 = ..\\Tests\\CompositeDataServiceFramework.Client.Tests
		SccProjectUniqueName8 = ..\\Extensions\\CompositeDataServiceFramework\\CompositeDataServiceFramework.csproj
		SccProjectTopLevelParentUniqueName8 = CompositeDataFramework.sln
		SccProjectName8 = ../Extensions/CompositeDataServiceFramework
		SccLocalPath8 = ..\\Extensions\\CompositeDataServiceFramework
		SccProjectUniqueName9 = ..\\Extensions\\CompositeDataServiceTemplate\\CompositeDataServiceItemTemplate.csproj
		SccProjectTopLevelParentUniqueName9 = CompositeDataFramework.sln
		SccProjectName9 = ../Extensions/CompositeDataServiceTemplate
		SccLocalPath9 = ..\\Extensions\\CompositeDataServiceTemplate
		SccProjectUniqueName10 = ..\\Extensions\\CompositeDataServiceClientItemTemplate\\CompositeDataServiceClientItemTemplate.csproj
		SccProjectTopLevelParentUniqueName10 = CompositeDataFramework.sln
		SccProjectName10 = ../Extensions/CompositeDataServiceClientItemTemplate
		SccLocalPath10 = ..\\Extensions\\CompositeDataServiceClientItemTemplate
		SccProjectUniqueName11 = ..\\Extensions\\CompositeDataServiceWizards\\CompositeDataServiceWizards.csproj
		SccProjectTopLevelParentUniqueName11 = CompositeDataFramework.sln
		SccProjectName11 = ../Extensions/CompositeDataServiceWizards
		SccLocalPath11 = ..\\Extensions\\CompositeDataServiceWizards
		SccProjectUniqueName12 = ..\\Extensions\\CompositeDataServiceClientProjectTemplate\\CompositeDataServiceClientProjectTemplate.csproj
		SccProjectTopLevelParentUniqueName12 = CompositeDataFramework.sln
		SccProjectName12 = ../Extensions/CompositeDataServiceClientProjectTemplate
		SccLocalPath12 = ..\\Extensions\\CompositeDataServiceClientProjectTemplate
	EndGlobalSection
	GlobalSection(TestCaseManagementSettings) = postSolution
		CategoryFile = CompositeDataFramework.vsmdi
	EndGlobalSection
	GlobalSection(SolutionConfigurationPlatforms) = preSolution
		Debug|Any CPU = Debug|Any CPU
		Debug|Mixed Platforms = Debug|Mixed Platforms
		Debug|x86 = Debug|x86
		Release|Any CPU = Release|Any CPU
		Release|Mixed Platforms = Release|Mixed Platforms
		Release|x86 = Release|x86
	EndGlobalSection
	GlobalSection(ProjectConfigurationPlatforms) = postSolution
		{3C6A68B4-0F76-4125-9F7A-F3B3F8FF13F0}.Debug|Any CPU.ActiveCfg = Debug|Any CPU
		{3C6A68B4-0F76-4125-9F7A-F3B3F8FF13F0}.Debug|Any CPU.Build.0 = Debug|Any CPU
		{3C6A68B4-0F76-4125-9F7A-F3B3F8FF13F0}.Debug|Mixed Platforms.ActiveCfg = Debug|Any CPU
		{3C6A68B4-0F76-4125-9F7A-F3B3F8FF13F0}.Debug|Mixed Platforms.Build.0 = Debug|Any CPU
		{3C6A68B4-0F76-4125-9F7A-F3B3F8FF13F0}.Debug|x86.ActiveCfg = Debug|Any CPU
		{3C6A68B4-0F76-4125-9F7A-F3B3F8FF13F0}.Debug|x86.Build.0 = Debug|Any CPU
		{3C6A68B4-0F76-4125-9F7A-F3B3F8FF13F0}.Release|Any CPU.ActiveCfg = Release|Any CPU
		{3C6A68B4-0F76-4125-9F7A-F3B3F8FF13F0}.Release|Any CPU.Build.0 = Release|Any CPU
		{3C6A68B4-0F76-4125-9F7A-F3B3F8FF13F0}.Release|Mixed Platforms.ActiveCfg = Release|Any CPU
		{3C6A68B4-0F76-4125-9F7A-F3B3F8FF13F0}.Release|Mixed Platforms.Build.0 = Release|Any CPU
		{3C6A68B4-0F76-4125-9F7A-F3B3F8FF13F0}.Release|x86.ActiveCfg = Release|Any CPU
		{F9192BCD-2177-4AD3-AE58-CE52F202D45B}.Debug|Any CPU.ActiveCfg = Debug|Any CPU
		{F9192BCD-2177-4AD3-AE58-CE52F202D45B}.Debug|Any CPU.Build.0 = Debug|Any CPU
		{F9192BCD-2177-4AD3-AE58-CE52F202D45B}.Debug|Mixed Platforms.ActiveCfg = Debug|Any CPU
		{F9192BCD-2177-4AD3-AE58-CE52F202D45B}.Debug|Mixed Platforms.Build.0 = Debug|Any CPU
		{F9192BCD-2177-4AD3-AE58-CE52F202D45B}.Debug|x86.ActiveCfg = Debug|Any CPU
		{F9192BCD-2177-4AD3-AE58-CE52F202D45B}.Debug|x86.Build.0 = Debug|Any CPU
		{F9192BCD-2177-4AD3-AE58-CE52F202D45B}.Release|Any CPU.ActiveCfg = Release|Any CPU
		{F9192BCD-2177-4AD3-AE58-CE52F202D45B}.Release|Any CPU.Build.0 = Release|Any CPU
		{F9192BCD-2177-4AD3-AE58-CE52F202D45B}.Release|Mixed Platforms.ActiveCfg = Release|Any CPU
		{F9192BCD-2177-4AD3-AE58-CE52F202D45B}.Release|Mixed Platforms.Build.0 = Release|Any CPU
		{F9192BCD-2177-4AD3-AE58-CE52F202D45B}.Release|x86.ActiveCfg = Release|Any CPU
		{2E51F79E-3C82-4CC4-ADA5-C824C063A6ED}.Debug|Any CPU.ActiveCfg = Debug|x86
		{2E51F79E-3C82-4CC4-ADA5-C824C063A6ED}.Debug|Mixed Platforms.ActiveCfg = Debug|x86
		{2E51F79E-3C82-4CC4-ADA5-C824C063A6ED}.Debug|Mixed Platforms.Build.0 = Debug|x86
		{2E51F79E-3C82-4CC4-ADA5-C824C063A6ED}.Debug|x86.ActiveCfg = Debug|x86
		{2E51F79E-3C82-4CC4-ADA5-C824C063A6ED}.Debug|x86.Build.0 = Debug|x86
		{2E51F79E-3C82-4CC4-ADA5-C824C063A6ED}.Release|Any CPU.ActiveCfg = Release|x86
		{2E51F79E-3C82-4CC4-ADA5-C824C063A6ED}.Release|Mixed Platforms.ActiveCfg = Release|x86
		{2E51F79E-3C82-4CC4-ADA5-C824C063A6ED}.Release|Mixed Platforms.Build.0 = Release|x86
		{2E51F79E-3C82-4CC4-ADA5-C824C063A6ED}.Release|x86.ActiveCfg = Release|x86
		{2E51F79E-3C82-4CC4-ADA5-C824C063A6ED}.Release|x86.Build.0 = Release|x86
		{C64E684D-EC1D-4996-92F4-346AD5148314}.Debug|Any CPU.ActiveCfg = Debug|Any CPU
		{C64E684D-EC1D-4996-92F4-346AD5148314}.Debug|Any CPU.Build.0 = Debug|Any CPU
		{C64E684D-EC1D-4996-92F4-346AD5148314}.Debug|Mixed Platforms.ActiveCfg = Debug|Any CPU
		{C64E684D-EC1D-4996-92F4-346AD5148314}.Debug|Mixed Platforms.Build.0 = Debug|Any CPU
		{C64E684D-EC1D-4996-92F4-346AD5148314}.Debug|x86.ActiveCfg = Debug|Any CPU
		{C64E684D-EC1D-4996-92F4-346AD5148314}.Debug|x86.Build.0 = Debug|Any CPU
		{C64E684D-EC1D-4996-92F4-346AD5148314}.Release|Any CPU.ActiveCfg = Release|Any CPU
		{C64E684D-EC1D-4996-92F4-346AD5148314}.Release|Any CPU.Build.0 = Release|Any CPU
		{C64E684D-EC1D-4996-92F4-346AD5148314}.Release|Mixed Platforms.ActiveCfg = Release|Any CPU
		{C64E684D-EC1D-4996-92F4-346AD5148314}.Release|Mixed Platforms.Build.0 = Release|Any CPU
		{C64E684D-EC1D-4996-92F4-346AD5148314}.Release|x86.ActiveCfg = Release|Any CPU
		{EBC8F959-6552-4DE2-8D5D-4210B4FADE2B}.Debug|Any CPU.ActiveCfg = Debug|Any CPU
		{EBC8F959-6552-4DE2-8D5D-4210B4FADE2B}.Debug|Any CPU.Build.0 = Debug|Any CPU
		{EBC8F959-6552-4DE2-8D5D-4210B4FADE2B}.Debug|Mixed Platforms.ActiveCfg = Debug|Any CPU
		{EBC8F959-6552-4DE2-8D5D-4210B4FADE2B}.Debug|Mixed Platforms.Build.0 = Debug|Any CPU
		{EBC8F959-6552-4DE2-8D5D-4210B4FADE2B}.Debug|x86.ActiveCfg = Debug|Any CPU
		{EBC8F959-6552-4DE2-8D5D-4210B4FADE2B}.Debug|x86.Build.0 = Debug|Any CPU
		{EBC8F959-6552-4DE2-8D5D-4210B4FADE2B}.Release|Any CPU.ActiveCfg = Release|Any CPU
		{EBC8F959-6552-4DE2-8D5D-4210B4FADE2B}.Release|Any CPU.Build.0 = Release|Any CPU
		{EBC8F959-6552-4DE2-8D5D-4210B4FADE2B}.Release|Mixed Platforms.ActiveCfg = Release|Any CPU
		{EBC8F959-6552-4DE2-8D5D-4210B4FADE2B}.Release|Mixed Platforms.Build.0 = Release|Any CPU
		{EBC8F959-6552-4DE2-8D5D-4210B4FADE2B}.Release|x86.ActiveCfg = Release|Any CPU
		{C93138FA-F3C3-4D7A-A9D2-A539C4F3B365}.Debug|Any CPU.ActiveCfg = Debug|Any CPU
		{C93138FA-F3C3-4D7A-A9D2-A539C4F3B365}.Debug|Any CPU.Build.0 = Debug|Any CPU
		{C93138FA-F3C3-4D7A-A9D2-A539C4F3B365}.Debug|Mixed Platforms.ActiveCfg = Debug|Any CPU
		{C93138FA-F3C3-4D7A-A9D2-A539C4F3B365}.Debug|Mixed Platforms.Build.0 = Debug|Any CPU
		{C93138FA-F3C3-4D7A-A9D2-A539C4F3B365}.Debug|x86.ActiveCfg = Debug|Any CPU
		{C93138FA-F3C3-4D7A-A9D2-A539C4F3B365}.Debug|x86.Build.0 = Debug|Any CPU
		{C93138FA-F3C3-4D7A-A9D2-A539C4F3B365}.Release|Any CPU.ActiveCfg = Release|Any CPU
		{C93138FA-F3C3-4D7A-A9D2-A539C4F3B365}.Release|Any CPU.Build.0 = Release|Any CPU
		{C93138FA-F3C3-4D7A-A9D2-A539C4F3B365}.Release|Mixed Platforms.ActiveCfg = Release|Any CPU
		{C93138FA-F3C3-4D7A-A9D2-A539C4F3B365}.Release|Mixed Platforms.Build.0 = Release|Any CPU
		{C93138FA-F3C3-4D7A-A9D2-A539C4F3B365}.Release|x86.ActiveCfg = Release|Any CPU
		{6F754B2F-4160-4D21-BBA9-E32980F98C58}.Debug|Any CPU.ActiveCfg = Debug|Any CPU
		{6F754B2F-4160-4D21-BBA9-E32980F98C58}.Debug|Any CPU.Build.0 = Debug|Any CPU
		{6F754B2F-4160-4D21-BBA9-E32980F98C58}.Debug|Mixed Platforms.ActiveCfg = Debug|Any CPU
		{6F754B2F-4160-4D21-BBA9-E32980F98C58}.Debug|Mixed Platforms.Build.0 = Debug|Any CPU
		{6F754B2F-4160-4D21-BBA9-E32980F98C58}.Debug|x86.ActiveCfg = Debug|Any CPU
		{6F754B2F-4160-4D21-BBA9-E32980F98C58}.Debug|x86.Build.0 = Debug|Any CPU
		{6F754B2F-4160-4D21-BBA9-E32980F98C58}.Release|Any CPU.ActiveCfg = Release|Any CPU
		{6F754B2F-4160-4D21-BBA9-E32980F98C58}.Release|Any CPU.Build.0 = Release|Any CPU
		{6F754B2F-4160-4D21-BBA9-E32980F98C58}.Release|Mixed Platforms.ActiveCfg = Release|Any CPU
		{6F754B2F-4160-4D21-BBA9-E32980F98C58}.Release|Mixed Platforms.Build.0 = Release|Any CPU
		{6F754B2F-4160-4D21-BBA9-E32980F98C58}.Release|x86.ActiveCfg = Release|Any CPU
		{3900FCF3-B0CB-4C92-B60E-296F9779B4BB}.Debug|Any CPU.ActiveCfg = Debug|Any CPU
		{3900FCF3-B0CB-4C92-B60E-296F9779B4BB}.Debug|Any CPU.Build.0 = Debug|Any CPU
		{3900FCF3-B0CB-4C92-B60E-296F9779B4BB}.Debug|Mixed Platforms.ActiveCfg = Debug|Any CPU
		{3900FCF3-B0CB-4C92-B60E-296F9779B4BB}.Debug|Mixed Platforms.Build.0 = Debug|Any CPU
		{3900FCF3-B0CB-4C92-B60E-296F9779B4BB}.Debug|x86.ActiveCfg = Debug|Any CPU
		{3900FCF3-B0CB-4C92-B60E-296F9779B4BB}.Debug|x86.Build.0 = Debug|Any CPU
		{3900FCF3-B0CB-4C92-B60E-296F9779B4BB}.Release|Any CPU.ActiveCfg = Release|Any CPU
		{3900FCF3-B0CB-4C92-B60E-296F9779B4BB}.Release|Any CPU.Build.0 = Release|Any CPU
		{3900FCF3-B0CB-4C92-B60E-296F9779B4BB}.Release|Mixed Platforms.ActiveCfg = Release|Any CPU
		{3900FCF3-B0CB-4C92-B60E-296F9779B4BB}.Release|Mixed Platforms.Build.0 = Release|Any CPU
		{3900FCF3-B0CB-4C92-B60E-296F9779B4BB}.Release|x86.ActiveCfg = Release|Any CPU
		{1BBC78AC-C2C9-4A79-A8D6-06F8E0AD0B99}.Debug|Any CPU.ActiveCfg = Debug|Any CPU
		{1BBC78AC-C2C9-4A79-A8D6-06F8E0AD0B99}.Debug|Any CPU.Build.0 = Debug|Any CPU
		{1BBC78AC-C2C9-4A79-A8D6-06F8E0AD0B99}.Debug|Mixed Platforms.ActiveCfg = Debug|Any CPU
		{1BBC78AC-C2C9-4A79-A8D6-06F8E0AD0B99}.Debug|Mixed Platforms.Build.0 = Debug|Any CPU
		{1BBC78AC-C2C9-4A79-A8D6-06F8E0AD0B99}.Debug|x86.ActiveCfg = Debug|Any CPU
		{1BBC78AC-C2C9-4A79-A8D6-06F8E0AD0B99}.Debug|x86.Build.0 = Debug|Any CPU
		{1BBC78AC-C2C9-4A79-A8D6-06F8E0AD0B99}.Release|Any CPU.ActiveCfg = Release|Any CPU
		{1BBC78AC-C2C9-4A79-A8D6-06F8E0AD0B99}.Release|Any CPU.Build.0 = Release|Any CPU
		{1BBC78AC-C2C9-4A79-A8D6-06F8E0AD0B99}.Release|Mixed Platforms.ActiveCfg = Release|Any CPU
		{1BBC78AC-C2C9-4A79-A8D6-06F8E0AD0B99}.Release|Mixed Platforms.Build.0 = Release|Any CPU
		{1BBC78AC-C2C9-4A79-A8D6-06F8E0AD0B99}.Release|x86.ActiveCfg = Release|Any CPU
		{329F31A5-356E-46D5-B7D0-21845CBA0FA7}.Debug|Any CPU.ActiveCfg = Debug|Any CPU
		{329F31A5-356E-46D5-B7D0-21845CBA0FA7}.Debug|Any CPU.Build.0 = Debug|Any CPU
		{329F31A5-356E-46D5-B7D0-21845CBA0FA7}.Debug|Mixed Platforms.ActiveCfg = Debug|Any CPU
		{329F31A5-356E-46D5-B7D0-21845CBA0FA7}.Debug|Mixed Platforms.Build.0 = Debug|Any CPU
		{329F31A5-356E-46D5-B7D0-21845CBA0FA7}.Debug|x86.ActiveCfg = Debug|Any CPU
		{329F31A5-356E-46D5-B7D0-21845CBA0FA7}.Debug|x86.Build.0 = Debug|Any CPU
		{329F31A5-356E-46D5-B7D0-21845CBA0FA7}.Release|Any CPU.ActiveCfg = Release|Any CPU
		{329F31A5-356E-46D5-B7D0-21845CBA0FA7}.Release|Any CPU.Build.0 = Release|Any CPU
		{329F31A5-356E-46D5-B7D0-21845CBA0FA7}.Release|Mixed Platforms.ActiveCfg = Release|Any CPU
		{329F31A5-356E-46D5-B7D0-21845CBA0FA7}.Release|Mixed Platforms.Build.0 = Release|Any CPU
		{329F31A5-356E-46D5-B7D0-21845CBA0FA7}.Release|x86.ActiveCfg = Release|Any CPU
		{FEFA67E6-967B-4294-9BFE-149E0659653C}.Debug|Any CPU.ActiveCfg = Debug|Any CPU
		{FEFA67E6-967B-4294-9BFE-149E0659653C}.Debug|Any CPU.Build.0 = Debug|Any CPU
		{FEFA67E6-967B-4294-9BFE-149E0659653C}.Debug|Mixed Platforms.ActiveCfg = Debug|Any CPU
		{FEFA67E6-967B-4294-9BFE-149E0659653C}.Debug|Mixed Platforms.Build.0 = Debug|Any CPU
		{FEFA67E6-967B-4294-9BFE-149E0659653C}.Debug|x86.ActiveCfg = Debug|Any CPU
		{FEFA67E6-967B-4294-9BFE-149E0659653C}.Release|Any CPU.ActiveCfg = Release|Any CPU
		{FEFA67E6-967B-4294-9BFE-149E0659653C}.Release|Any CPU.Build.0 = Release|Any CPU
		{FEFA67E6-967B-4294-9BFE-149E0659653C}.Release|Mixed Platforms.ActiveCfg = Release|Any CPU
		{FEFA67E6-967B-4294-9BFE-149E0659653C}.Release|Mixed Platforms.Build.0 = Release|Any CPU
		{FEFA67E6-967B-4294-9BFE-149E0659653C}.Release|x86.ActiveCfg = Release|Any CPU
		{E0E7CE97-D7A3-4BE6-9EA9-94452BA7E9C6}.Debug|Any CPU.ActiveCfg = Debug|Any CPU
		{E0E7CE97-D7A3-4BE6-9EA9-94452BA7E9C6}.Debug|Any CPU.Build.0 = Debug|Any CPU
		{E0E7CE97-D7A3-4BE6-9EA9-94452BA7E9C6}.Debug|Mixed Platforms.ActiveCfg = Debug|Any CPU
		{E0E7CE97-D7A3-4BE6-9EA9-94452BA7E9C6}.Debug|Mixed Platforms.Build.0 = Debug|Any CPU
		{E0E7CE97-D7A3-4BE6-9EA9-94452BA7E9C6}.Debug|x86.ActiveCfg = Debug|Any CPU
		{E0E7CE97-D7A3-4BE6-9EA9-94452BA7E9C6}.Release|Any CPU.ActiveCfg = Release|Any CPU
		{E0E7CE97-D7A3-4BE6-9EA9-94452BA7E9C6}.Release|Any CPU.Build.0 = Release|Any CPU
		{E0E7CE97-D7A3-4BE6-9EA9-94452BA7E9C6}.Release|Mixed Platforms.ActiveCfg = Release|Any CPU
		{E0E7CE97-D7A3-4BE6-9EA9-94452BA7E9C6}.Release|Mixed Platforms.Build.0 = Release|Any CPU
		{E0E7CE97-D7A3-4BE6-9EA9-94452BA7E9C6}.Release|x86.ActiveCfg = Release|Any CPU
	EndGlobalSection
	GlobalSection(SolutionProperties) = preSolution
		HideSolutionNode = FALSE
	EndGlobalSection
	GlobalSection(NestedProjects) = preSolution
		{3C6A68B4-0F76-4125-9F7A-F3B3F8FF13F0} = {F9E96616-D988-4368-BCE8-34CB3C4BDAD8}
		{F9192BCD-2177-4AD3-AE58-CE52F202D45B} = {F9E96616-D988-4368-BCE8-34CB3C4BDAD8}
		{2E51F79E-3C82-4CC4-ADA5-C824C063A6ED} = {EC15EF1A-0340-4234-A66E-6705A8276745}
		{EBC8F959-6552-4DE2-8D5D-4210B4FADE2B} = {EC15EF1A-0340-4234-A66E-6705A8276745}
		{C64E684D-EC1D-4996-92F4-346AD5148314} = {81501C90-F384-4D1C-B953-7F32F563D698}
		{C93138FA-F3C3-4D7A-A9D2-A539C4F3B365} = {85F8B207-AFC8-4404-AEAB-0CB553C6E4C8}
		{6F754B2F-4160-4D21-BBA9-E32980F98C58} = {85F8B207-AFC8-4404-AEAB-0CB553C6E4C8}
		{3900FCF3-B0CB-4C92-B60E-296F9779B4BB} = {33F901DD-35E3-42B1-B8F1-56952C1A6AAB}
		{1BBC78AC-C2C9-4A79-A8D6-06F8E0AD0B99} = {33F901DD-35E3-42B1-B8F1-56952C1A6AAB}
		{329F31A5-356E-46D5-B7D0-21845CBA0FA7} = {33F901DD-35E3-42B1-B8F1-56952C1A6AAB}
		{FEFA67E6-967B-4294-9BFE-149E0659653C} = {33F901DD-35E3-42B1-B8F1-56952C1A6AAB}
		{E0E7CE97-D7A3-4BE6-9EA9-94452BA7E9C6} = {33F901DD-35E3-42B1-B8F1-56952C1A6AAB}
	EndGlobalSection
EndGlobal
